
Microsoft Visual Studio Solution File, Format Version 12.00
# Visual Studio Version 16
VisualStudioVersion = 16.0.32510.428
MinimumVisualStudioVersion = 10.0.40219.1
Project("{FAE04EC0-301F-11D3-BF4B-00C04F79EFBC}") = "Simple TTS", "Simple TTS\Simple TTS.csproj", "{BDDEA943-1A1F-4E80-9DC7-B82CA2DE56CB}"
EndProject
Global
	GlobalSection(SolutionConfigurationPlatforms) = preSolution
		Debug|Any CPU = Debug|Any CPU
		Release|Any CPU = Release|Any CPU
	EndGlobalSection
	GlobalSection(ProjectConfigurationPlatforms) = postSolution
		{BDDEA943-1A1F-4E80-9DC7-B82CA2DE56CB}.Debug|Any CPU.ActiveCfg = Debug|Any CPU
		{BDDEA943-1A1F-4E80-9DC7-B82CA2DE56CB}.Debug|Any CPU.Build.0 = Debug|Any CPU
		{BDDEA943-1A1F-4E80-9DC7-B82CA2DE56CB}.Release|Any CPU.ActiveCfg = Release|Any CPU
		{BDDEA943-1A1F-4E80-9DC7-B82CA2DE56CB}.Release|Any CPU.Build.0 = Release|Any CPU
	EndGlobalSection
	GlobalSection(SolutionProperties) = preSolution
		HideSolutionNode = FALSE
	EndGlobalSection
	GlobalSection(ExtensibilityGlobals) = postSolution
		SolutionGuid = {D73E9D84-BD48-4112-87CC-FE94ADAE6619}
	EndGlobalSection
EndGlobal
